
Microsoft Visual Studio Solution File, Format Version 12.00
# Visual Studio Version 17
VisualStudioVersion = 17.9.34728.123
MinimumVisualStudioVersion = 10.0.40219.1
Project("{F184B08F-C81C-45F6-A57F-5ABD9991F28F}") = "008.008 - Array exercise", "008.008 - Array exercise.vbproj", "{C11E7D61-191F-4D00-AF79-379DAE791ECC}"
EndProject
Global
	GlobalSection(SolutionConfigurationPlatforms) = preSolution
		Debug|Any CPU = Debug|Any CPU
		Release|Any CPU = Release|Any CPU
	EndGlobalSection
	GlobalSection(ProjectConfigurationPlatforms) = postSolution
		{C11E7D61-191F-4D00-AF79-379DAE791ECC}.Debug|Any CPU.ActiveCfg = Debug|Any CPU
		{C11E7D61-191F-4D00-AF79-379DAE791ECC}.Debug|Any CPU.Build.0 = Debug|Any CPU
		{C11E7D61-191F-4D00-AF79-379DAE791ECC}.Release|Any CPU.ActiveCfg = Release|Any CPU
		{C11E7D61-191F-4D00-AF79-379DAE791ECC}.Release|Any CPU.Build.0 = Release|Any CPU
	EndGlobalSection
	GlobalSection(SolutionProperties) = preSolution
		HideSolutionNode = FALSE
	EndGlobalSection
	GlobalSection(ExtensibilityGlobals) = postSolution
		SolutionGuid = {AD032DD0-2D4B-4382-AC45-69CF4C3024C3}
	EndGlobalSection
EndGlobal
